// !$*UTF8*$!
{
	archiveVersion = 1;
	classes = {
	};
	objectVersion = 77;
	objects = {

/* Begin PBXContainerItemProxy section */
		C80F81F22D40201A00CB0EC2 /* PBXContainerItemProxy */ = {
			isa = PBXContainerItemProxy;
			containerPortal = C80F81D92D40201700CB0EC2 /* Project object */;
			proxyType = 1;
			remoteGlobalIDString = C80F81E02D40201700CB0EC2;
			remoteInfo = SoundSmith;
		};
		C80F81FC2D40201A00CB0EC2 /* PBXContainerItemProxy */ = {
			isa = PBXContainerItemProxy;
			containerPortal = C80F81D92D40201700CB0EC2 /* Project object */;
			proxyType = 1;
			remoteGlobalIDString = C80F81E02D40201700CB0EC2;
			remoteInfo = SoundSmith;
		};
/* End PBXContainerItemProxy section */

/* Begin PBXFileReference section */
		C80F81E12D40201700CB0EC2 /* SoundSmith.app */ = {isa = PBXFileReference; explicitFileType = wrapper.application; includeInIndex = 0; path = SoundSmith.app; sourceTree = BUILT_PRODUCTS_DIR; };
		C80F81F12D40201A00CB0EC2 /* SoundSmithTests.xctest */ = {isa = PBXFileReference; explicitFileType = wrapper.cfbundle; includeInIndex = 0; path = SoundSmithTests.xctest; sourceTree = BUILT_PRODUCTS_DIR; };
		C80F81FB2D40201A00CB0EC2 /* SoundSmithUITests.xctest */ = {isa = PBXFileReference; explicitFileType = wrapper.cfbundle; includeInIndex = 0; path = SoundSmithUITests.xctest; sourceTree = BUILT_PRODUCTS_DIR; };
/* End PBXFileReference section */

/* Begin PBXFileSystemSynchronizedRootGroup section */
		C80F81E32D40201700CB0EC2 /* SoundSmith */ = {
			isa = PBXFileSystemSynchronizedRootGroup;
			path = SoundSmith;
			sourceTree = "<group>";
		};
		C80F81F42D40201A00CB0EC2 /* SoundSmithTests */ = {
			isa = PBXFileSystemSynchronizedRootGroup;
			path = SoundSmithTests;
			sourceTree = "<group>";
		};
		C80F81FE2D40201A00CB0EC2 /* SoundSmithUITests */ = {
			isa = PBXFileSystemSynchronizedRootGroup;
			path = SoundSmithUITests;
			sourceTree = "<group>";
		};
/* End PBXFileSystemSynchronizedRootGroup section */

/* Begin PBXFrameworksBuildPhase section */
		C80F81DE2D40201700CB0EC2 /* Frameworks */ = {
			isa = PBXFrameworksBuildPhase;
			buildActionMask = 2147483647;
			files = (
			);
			runOnlyForDeploymentPostprocessing = 0;
		};
		C80F81EE2D40201A00CB0EC2 /* Frameworks */ = {
			isa = PBXFrameworksBuildPhase;
			buildActionMask = 2147483647;
			files = (
			);
			runOnlyForDeploymentPostprocessing = 0;
		};
		C80F81F82D40201A00CB0EC2 /* Frameworks */ = {
			isa = PBXFrameworksBuildPhase;
			buildActionMask = 2147483647;
			files = (
			);
			runOnlyForDeploymentPostprocessing = 0;
		};
/* End PBXFrameworksBuildPhase section */

/* Begin PBXGroup section */
		C80F81D82D40201700CB0EC2 = {
			isa = PBXGroup;
			children = (
				C80F81E32D40201700CB0EC2 /* SoundSmith */,
				C80F81F42D40201A00CB0EC2 /* SoundSmithTests */,
				C80F81FE2D40201A00CB0EC2 /* SoundSmithUITests */,
				C80F81E22D40201700CB0EC2 /* Products */,
			);
			sourceTree = "<group>";
		};
		C80F81E22D40201700CB0EC2 /* Products */ = {
			isa = PBXGroup;
			children = (
				C80F81E12D40201700CB0EC2 /* SoundSmith.app */,
				C80F81F12D40201A00CB0EC2 /* SoundSmithTests.xctest */,
				C80F81FB2D40201A00CB0EC2 /* SoundSmithUITests.xctest */,
			);
			name = Products;
			sourceTree = "<group>";
		};
/* End PBXGroup section */

/* Begin PBXNativeTarget section */
		C80F81E02D40201700CB0EC2 /* SoundSmith */ = {
			isa = PBXNativeTarget;
			buildConfigurationList = C80F82052D40201A00CB0EC2 /* Build configuration list for PBXNativeTarget "SoundSmith" */;
			buildPhases = (
				C80F81DD2D40201700CB0EC2 /* Sources */,
				C80F81DE2D40201700CB0EC2 /* Frameworks */,
				C80F81DF2D40201700CB0EC2 /* Resources */,
			);
			buildRules = (
			);
			dependencies = (
			);
			fileSystemSynchronizedGroups = (
				C80F81E32D40201700CB0EC2 /* SoundSmith */,
			);
			name = SoundSmith;
			packageProductDependencies = (
			);
			productName = SoundSmith;
			productReference = C80F81E12D40201700CB0EC2 /* SoundSmith.app */;
			productType = "com.apple.product-type.application";
		};
		C80F81F02D40201A00CB0EC2 /* SoundSmithTests */ = {
			isa = PBXNativeTarget;
			buildConfigurationList = C80F82082D40201A00CB0EC2 /* Build configuration list for PBXNativeTarget "SoundSmithTests" */;
			buildPhases = (
				C80F81ED2D40201A00CB0EC2 /* Sources */,
				C80F81EE2D40201A00CB0EC2 /* Frameworks */,
				C80F81EF2D40201A00CB0EC2 /* Resources */,
			);
			buildRules = (
			);
			dependencies = (
				C80F81F32D40201A00CB0EC2 /* PBXTargetDependency */,
			);
			fileSystemSynchronizedGroups = (
				C80F81F42D40201A00CB0EC2 /* SoundSmithTests */,
			);
			name = SoundSmithTests;
			packageProductDependencies = (
			);
			productName = SoundSmithTests;
			productReference = C80F81F12D40201A00CB0EC2 /* SoundSmithTests.xctest */;
			productType = "com.apple.product-type.bundle.unit-test";
		};
		C80F81FA2D40201A00CB0EC2 /* SoundSmithUITests */ = {
			isa = PBXNativeTarget;
			buildConfigurationList = C80F820B2D40201A00CB0EC2 /* Build configuration list for PBXNativeTarget "SoundSmithUITests" */;
			buildPhases = (
				C80F81F72D40201A00CB0EC2 /* Sources */,
				C80F81F82D40201A00CB0EC2 /* Frameworks */,
				C80F81F92D40201A00CB0EC2 /* Resources */,
			);
			buildRules = (
			);
			dependencies = (
				C80F81FD2D40201A00CB0EC2 /* PBXTargetDependency */,
			);
			fileSystemSynchronizedGroups = (
				C80F81FE2D40201A00CB0EC2 /* SoundSmithUITests */,
			);
			name = SoundSmithUITests;
			packageProductDependencies = (
			);
			productName = SoundSmithUITests;
			productReference = C80F81FB2D40201A00CB0EC2 /* SoundSmithUITests.xctest */;
			productType = "com.apple.product-type.bundle.ui-testing";
		};
/* End PBXNativeTarget section */

/* Begin PBXProject section */
		C80F81D92D40201700CB0EC2 /* Project object */ = {
			isa = PBXProject;
			attributes = {
				BuildIndependentTargetsInParallel = 1;
				LastSwiftUpdateCheck = 1610;
				LastUpgradeCheck = 1610;
				TargetAttributes = {
					C80F81E02D40201700CB0EC2 = {
						CreatedOnToolsVersion = 16.1;
					};
					C80F81F02D40201A00CB0EC2 = {
						CreatedOnToolsVersion = 16.1;
						TestTargetID = C80F81E02D40201700CB0EC2;
					};
					C80F81FA2D40201A00CB0EC2 = {
						CreatedOnToolsVersion = 16.1;
						TestTargetID = C80F81E02D40201700CB0EC2;
					};
				};
			};
			buildConfigurationList = C80F81DC2D40201700CB0EC2 /* Build configuration list for PBXProject "SoundSmith" */;
			developmentRegion = en;
			hasScannedForEncodings = 0;
			knownRegions = (
				en,
				Base,
			);
			mainGroup = C80F81D82D40201700CB0EC2;
			minimizedProjectReferenceProxies = 1;
			preferredProjectObjectVersion = 77;
			productRefGroup = C80F81E22D40201700CB0EC2 /* Products */;
			projectDirPath = "";
			projectRoot = "";
			targets = (
				C80F81E02D40201700CB0EC2 /* SoundSmith */,
				C80F81F02D40201A00CB0EC2 /* SoundSmithTests */,
				C80F81FA2D40201A00CB0EC2 /* SoundSmithUITests */,
			);
		};
/* End PBXProject section */

/* Begin PBXResourcesBuildPhase section */
		C80F81DF2D40201700CB0EC2 /* Resources */ = {
			isa = PBXResourcesBuildPhase;
			buildActionMask = 2147483647;
			files = (
			);
			runOnlyForDeploymentPostprocessing = 0;
		};
		C80F81EF2D40201A00CB0EC2 /* Resources */ = {
			isa = PBXResourcesBuildPhase;
			buildActionMask = 2147483647;
			files = (
			);
			runOnlyForDeploymentPostprocessing = 0;
		};
		C80F81F92D40201A00CB0EC2 /* Resources */ = {
			isa = PBXResourcesBuildPhase;
			buildActionMask = 2147483647;
			files = (
			);
			runOnlyForDeploymentPostprocessing = 0;
		};
/* End PBXResourcesBuildPhase section */

/* Begin PBXSourcesBuildPhase section */
		C80F81DD2D40201700CB0EC2 /* Sources */ = {
			isa = PBXSourcesBuildPhase;
			buildActionMask = 2147483647;
			files = (
			);
			runOnlyForDeploymentPostprocessing = 0;
		};
		C80F81ED2D40201A00CB0EC2 /* Sources */ = {
			isa = PBXSourcesBuildPhase;
			buildActionMask = 2147483647;
			files = (
			);
			runOnlyForDeploymentPostprocessing = 0;
		};
		C80F81F72D40201A00CB0EC2 /* Sources */ = {
			isa = PBXSourcesBuildPhase;
			buildActionMask = 2147483647;
			files = (
			);
			runOnlyForDeploymentPostprocessing = 0;
		};
/* End PBXSourcesBuildPhase section */

/* Begin PBXTargetDependency section */
		C80F81F32D40201A00CB0EC2 /* PBXTargetDependency */ = {
			isa = PBXTargetDependency;
			target = C80F81E02D40201700CB0EC2 /* SoundSmith */;
			targetProxy = C80F81F22D40201A00CB0EC2 /* PBXContainerItemProxy */;
		};
		C80F81FD2D40201A00CB0EC2 /* PBXTargetDependency */ = {
			isa = PBXTargetDependency;
			target = C80F81E02D40201700CB0EC2 /* SoundSmith */;
			targetProxy = C80F81FC2D40201A00CB0EC2 /* PBXContainerItemProxy */;
		};
/* End PBXTargetDependency section */

/* Begin XCBuildConfiguration section */
		C80F82032D40201A00CB0EC2 /* Debug */ = {
			isa = XCBuildConfiguration;
			buildSettings = {
				ALWAYS_SEARCH_USER_PATHS = NO;
				ASSETCATALOG_COMPILER_GENERATE_SWIFT_ASSET_SYMBOL_EXTENSIONS = YES;
				CLANG_ANALYZER_NONNULL = YES;
				CLANG_ANALYZER_NUMBER_OBJECT_CONVERSION = YES_AGGRESSIVE;
				CLANG_CXX_LANGUAGE_STANDARD = "gnu++20";
				CLANG_ENABLE_MODULES = YES;
				CLANG_ENABLE_OBJC_ARC = YES;
				CLANG_ENABLE_OBJC_WEAK = YES;
				CLANG_WARN_BLOCK_CAPTURE_AUTORELEASING = YES;
				CLANG_WARN_BOOL_CONVERSION = YES;
				CLANG_WARN_COMMA = YES;
				CLANG_WARN_CONSTANT_CONVERSION = YES;
				CLANG_WARN_DEPRECATED_OBJC_IMPLEMENTATIONS = YES;
				CLANG_WARN_DIRECT_OBJC_ISA_USAGE = YES_ERROR;
				CLANG_WARN_DOCUMENTATION_COMMENTS = YES;
				CLANG_WARN_EMPTY_BODY = YES;
				CLANG_WARN_ENUM_CONVERSION = YES;
				CLANG_WARN_INFINITE_RECURSION = YES;
				CLANG_WARN_INT_CONVERSION = YES;
				CLANG_WARN_NON_LITERAL_NULL_CONVERSION = YES;
				CLANG_WARN_OBJC_IMPLICIT_RETAIN_SELF = YES;
				CLANG_WARN_OBJC_LITERAL_CONVERSION = YES;
				CLANG_WARN_OBJC_ROOT_CLASS = YES_ERROR;
				CLANG_WARN_QUOTED_INCLUDE_IN_FRAMEWORK_HEADER = YES;
				CLANG_WARN_RANGE_LOOP_ANALYSIS = YES;
				CLANG_WARN_STRICT_PROTOTYPES = YES;
				CLANG_WARN_SUSPICIOUS_MOVE = YES;
				CLANG_WARN_UNGUARDED_AVAILABILITY = YES_AGGRESSIVE;
				CLANG_WARN_UNREACHABLE_CODE = YES;
				CLANG_WARN__DUPLICATE_METHOD_MATCH = YES;
				COPY_PHASE_STRIP = NO;
				DEBUG_INFORMATION_FORMAT = dwarf;
				ENABLE_STRICT_OBJC_MSGSEND = YES;
				ENABLE_TESTABILITY = YES;
				ENABLE_USER_SCRIPT_SANDBOXING = YES;
				GCC_C_LANGUAGE_STANDARD = gnu17;
				GCC_DYNAMIC_NO_PIC = NO;
				GCC_NO_COMMON_BLOCKS = YES;
				GCC_OPTIMIZATION_LEVEL = 0;
				GCC_PREPROCESSOR_DEFINITIONS = (
					"DEBUG=1",
					"$(inherited)",
				);
				GCC_WARN_64_TO_32_BIT_CONVERSION = YES;
				GCC_WARN_ABOUT_RETURN_TYPE = YES_ERROR;
				GCC_WARN_UNDECLARED_SELECTOR = YES;
				GCC_WARN_UNINITIALIZED_AUTOS = YES_AGGRESSIVE;
				GCC_WARN_UNUSED_FUNCTION = YES;
				GCC_WARN_UNUSED_VARIABLE = YES;
				IPHONEOS_DEPLOYMENT_TARGET = 18.1;
				LOCALIZATION_PREFERS_STRING_CATALOGS = YES;
				MTL_ENABLE_DEBUG_INFO = INCLUDE_SOURCE;
				MTL_FAST_MATH = YES;
				ONLY_ACTIVE_ARCH = YES;
				SDKROOT = iphoneos;
				SWIFT_ACTIVE_COMPILATION_CONDITIONS = "DEBUG $(inherited)";
				SWIFT_OPTIMIZATION_LEVEL = "-Onone";
			};
			name = Debug;
		};
		C80F82042D40201A00CB0EC2 /* Release */ = {
			isa = XCBuildConfiguration;
			buildSettings = {
				ALWAYS_SEARCH_USER_PATHS = NO;
				ASSETCATALOG_COMPILER_GENERATE_SWIFT_ASSET_SYMBOL_EXTENSIONS = YES;
				CLANG_ANALYZER_NONNULL = YES;
				CLANG_ANALYZER_NUMBER_OBJECT_CONVERSION = YES_AGGRESSIVE;
				CLANG_CXX_LANGUAGE_STANDARD = "gnu++20";
				CLANG_ENABLE_MODULES = YES;
				CLANG_ENABLE_OBJC_ARC = YES;
				CLANG_ENABLE_OBJC_WEAK = YES;
				CLANG_WARN_BLOCK_CAPTURE_AUTORELEASING = YES;
				CLANG_WARN_BOOL_CONVERSION = YES;
				CLANG_WARN_COMMA = YES;
				CLANG_WARN_CONSTANT_CONVERSION = YES;
				CLANG_WARN_DEPRECATED_OBJC_IMPLEMENTATIONS = YES;
				CLANG_WARN_DIRECT_OBJC_ISA_USAGE = YES_ERROR;
				CLANG_WARN_DOCUMENTATION_COMMENTS = YES;
				CLANG_WARN_EMPTY_BODY = YES;
				CLANG_WARN_ENUM_CONVERSION = YES;
				CLANG_WARN_INFINITE_RECURSION = YES;
				CLANG_WARN_INT_CONVERSION = YES;
				CLANG_WARN_NON_LITERAL_NULL_CONVERSION = YES;
				CLANG_WARN_OBJC_IMPLICIT_RETAIN_SELF = YES;
				CLANG_WARN_OBJC_LITERAL_CONVERSION = YES;
				CLANG_WARN_OBJC_ROOT_CLASS = YES_ERROR;
				CLANG_WARN_QUOTED_INCLUDE_IN_FRAMEWORK_HEADER = YES;
				CLANG_WARN_RANGE_LOOP_ANALYSIS = YES;
				CLANG_WARN_STRICT_PROTOTYPES = YES;
				CLANG_WARN_SUSPICIOUS_MOVE = YES;
				CLANG_WARN_UNGUARDED_AVAILABILITY = YES_AGGRESSIVE;
				CLANG_WARN_UNREACHABLE_CODE = YES;
				CLANG_WARN__DUPLICATE_METHOD_MATCH = YES;
				COPY_PHASE_STRIP = NO;
				DEBUG_INFORMATION_FORMAT = "dwarf-with-dsym";
				ENABLE_NS_ASSERTIONS = NO;
				ENABLE_STRICT_OBJC_MSGSEND = YES;
				ENABLE_USER_SCRIPT_SANDBOXING = YES;
				GCC_C_LANGUAGE_STANDARD = gnu17;
				GCC_NO_COMMON_BLOCKS = YES;
				GCC_WARN_64_TO_32_BIT_CONVERSION = YES;
				GCC_WARN_ABOUT_RETURN_TYPE = YES_ERROR;
				GCC_WARN_UNDECLARED_SELECTOR = YES;
				GCC_WARN_UNINITIALIZED_AUTOS = YES_AGGRESSIVE;
				GCC_WARN_UNUSED_FUNCTION = YES;
				GCC_WARN_UNUSED_VARIABLE = YES;
				IPHONEOS_DEPLOYMENT_TARGET = 18.1;
				LOCALIZATION_PREFERS_STRING_CATALOGS = YES;
				MTL_ENABLE_DEBUG_INFO = NO;
				MTL_FAST_MATH = YES;
				SDKROOT = iphoneos;
				SWIFT_COMPILATION_MODE = wholemodule;
				VALIDATE_PRODUCT = YES;
			};
			name = Release;
		};
		C80F82062D40201A00CB0EC2 /* Debug */ = {
			isa = XCBuildConfiguration;
			buildSettings = {
				ASSETCATALOG_COMPILER_APPICON_NAME = AppIcon;
				ASSETCATALOG_COMPILER_GLOBAL_ACCENT_COLOR_NAME = AccentColor;
				CODE_SIGN_STYLE = Automatic;
				CURRENT_PROJECT_VERSION = 1;
				DEVELOPMENT_ASSET_PATHS = "\"SoundSmith/Preview Content\"";
				DEVELOPMENT_TEAM = U55P57ZAG8;
				ENABLE_PREVIEWS = YES;
				GENERATE_INFOPLIST_FILE = YES;
				INFOPLIST_KEY_UIApplicationSceneManifest_Generation = YES;
				INFOPLIST_KEY_UIApplicationSupportsIndirectInputEvents = YES;
				INFOPLIST_KEY_UILaunchScreen_Generation = YES;
				INFOPLIST_KEY_UISupportedInterfaceOrientations_iPad = "UIInterfaceOrientationPortrait UIInterfaceOrientationPortraitUpsideDown UIInterfaceOrientationLandscapeLeft UIInterfaceOrientationLandscapeRight";
				INFOPLIST_KEY_UISupportedInterfaceOrientations_iPhone = "UIInterfaceOrientationPortrait UIInterfaceOrientationLandscapeLeft UIInterfaceOrientationLandscapeRight";
				IPHONEOS_DEPLOYMENT_TARGET = 15.6;
				LD_RUNPATH_SEARCH_PATHS = (
					"$(inherited)",
					"@executable_path/Frameworks",
				);
				MARKETING_VERSION = 1.0;
				PRODUCT_BUNDLE_IDENTIFIER = Adrian.SoundSmith;
				PRODUCT_NAME = "$(TARGET_NAME)";
				SWIFT_EMIT_LOC_STRINGS = YES;
				SWIFT_VERSION = 5.0;
				TARGETED_DEVICE_FAMILY = "1,2";
			};
			name = Debug;
		};
		C80F82072D40201A00CB0EC2 /* Release */ = {
			isa = XCBuildConfiguration;
			buildSettings = {
				ASSETCATALOG_COMPILER_APPICON_NAME = AppIcon;
				ASSETCATALOG_COMPILER_GLOBAL_ACCENT_COLOR_NAME = AccentColor;
				CODE_SIGN_STYLE = Automatic;
				CURRENT_PROJECT_VERSION = 1;
				DEVELOPMENT_ASSET_PATHS = "\"SoundSmith/Preview Content\"";
				DEVELOPMENT_TEAM = U55P57ZAG8;
				ENABLE_PREVIEWS = YES;
				GENERATE_INFOPLIST_FILE = YES;
				INFOPLIST_KEY_UIApplicationSceneManifest_Generation = YES;
				INFOPLIST_KEY_UIApplicationSupportsIndirectInputEvents = YES;
				INFOPLIST_KEY_UILaunchScreen_Generation = YES;
				INFOPLIST_KEY_UISupportedInterfaceOrientations_iPad = "UIInterfaceOrientationPortrait UIInterfaceOrientationPortraitUpsideDown UIInterfaceOrientationLandscapeLeft UIInterfaceOrientationLandscapeRight";
				INFOPLIST_KEY_UISupportedInterfaceOrientations_iPhone = "UIInterfaceOrientationPortrait UIInterfaceOrientationLandscapeLeft UIInterfaceOrientationLandscapeRight";
				IPHONEOS_DEPLOYMENT_TARGET = 15.6;
				LD_RUNPATH_SEARCH_PATHS = (
					"$(inherited)",
					"@executable_path/Frameworks",
				);
				MARKETING_VERSION = 1.0;
				PRODUCT_BUNDLE_IDENTIFIER = Adrian.SoundSmith;
				PRODUCT_NAME = "$(TARGET_NAME)";
				SWIFT_EMIT_LOC_STRINGS = YES;
				SWIFT_VERSION = 5.0;
				TARGETED_DEVICE_FAMILY = "1,2";
			};
			name = Release;
		};
		C80F82092D40201A00CB0EC2 /* Debug */ = {
			isa = XCBuildConfiguration;
			buildSettings = {
				BUNDLE_LOADER = "$(TEST_HOST)";
				CODE_SIGN_STYLE = Automatic;
				CURRENT_PROJECT_VERSION = 1;
				DEVELOPMENT_TEAM = U55P57ZAG8;
				GENERATE_INFOPLIST_FILE = YES;
				IPHONEOS_DEPLOYMENT_TARGET = 18.1;
				MARKETING_VERSION = 1.0;
				PRODUCT_BUNDLE_IDENTIFIER = Adrian.SoundSmithTests;
				PRODUCT_NAME = "$(TARGET_NAME)";
				SWIFT_EMIT_LOC_STRINGS = NO;
				SWIFT_VERSION = 5.0;
				TARGETED_DEVICE_FAMILY = "1,2";
				TEST_HOST = "$(BUILT_PRODUCTS_DIR)/SoundSmith.app/$(BUNDLE_EXECUTABLE_FOLDER_PATH)/SoundSmith";
			};
			name = Debug;
		};
		C80F820A2D40201A00CB0EC2 /* Release */ = {
			isa = XCBuildConfiguration;
			buildSettings = {
				BUNDLE_LOADER = "$(TEST_HOST)";
				CODE_SIGN_STYLE = Automatic;
				CURRENT_PROJECT_VERSION = 1;
				DEVELOPMENT_TEAM = U55P57ZAG8;
				GENERATE_INFOPLIST_FILE = YES;
				IPHONEOS_DEPLOYMENT_TARGET = 18.1;
				MARKETING_VERSION = 1.0;
				PRODUCT_BUNDLE_IDENTIFIER = Adrian.SoundSmithTests;
				PRODUCT_NAME = "$(TARGET_NAME)";
				SWIFT_EMIT_LOC_STRINGS = NO;
				SWIFT_VERSION = 5.0;
				TARGETED_DEVICE_FAMILY = "1,2";
				TEST_HOST = "$(BUILT_PRODUCTS_DIR)/SoundSmith.app/$(BUNDLE_EXECUTABLE_FOLDER_PATH)/SoundSmith";
			};
			name = Release;
		};
		C80F820C2D40201A00CB0EC2 /* Debug */ = {
			isa = XCBuildConfiguration;
			buildSettings = {
				CODE_SIGN_STYLE = Automatic;
				CURRENT_PROJECT_VERSION = 1;
				DEVELOPMENT_TEAM = U55P57ZAG8;
				GENERATE_INFOPLIST_FILE = YES;
				MARKETING_VERSION = 1.0;
				PRODUCT_BUNDLE_IDENTIFIER = Adrian.SoundSmithUITests;
				PRODUCT_NAME = "$(TARGET_NAME)";
				SWIFT_EMIT_LOC_STRINGS = NO;
				SWIFT_VERSION = 5.0;
				TARGETED_DEVICE_FAMILY = "1,2";
				TEST_TARGET_NAME = SoundSmith;
			};
			name = Debug;
		};
		C80F820D2D40201A00CB0EC2 /* Release */ = {
			isa = XCBuildConfiguration;
			buildSettings = {
				CODE_SIGN_STYLE = Automatic;
				CURRENT_PROJECT_VERSION = 1;
				DEVELOPMENT_TEAM = U55P57ZAG8;
				GENERATE_INFOPLIST_FILE = YES;
				MARKETING_VERSION = 1.0;
				PRODUCT_BUNDLE_IDENTIFIER = Adrian.SoundSmithUITests;
				PRODUCT_NAME = "$(TARGET_NAME)";
				SWIFT_EMIT_LOC_STRINGS = NO;
				SWIFT_VERSION = 5.0;
				TARGETED_DEVICE_FAMILY = "1,2";
				TEST_TARGET_NAME = SoundSmith;
			};
			name = Release;
		};
/* End XCBuildConfiguration section */

/* Begin XCConfigurationList section */
		C80F81DC2D40201700CB0EC2 /* Build configuration list for PBXProject "SoundSmith" */ = {
			isa = XCConfigurationList;
			buildConfigurations = (
				C80F82032D40201A00CB0EC2 /* Debug */,
				C80F82042D40201A00CB0EC2 /* Release */,
			);
			defaultConfigurationIsVisible = 0;
			defaultConfigurationName = Release;
		};
		C80F82052D40201A00CB0EC2 /* Build configuration list for PBXNativeTarget "SoundSmith" */ = {
			isa = XCConfigurationList;
			buildConfigurations = (
				C80F82062D40201A00CB0EC2 /* Debug */,
				C80F82072D40201A00CB0EC2 /* Release */,
			);
			defaultConfigurationIsVisible = 0;
			defaultConfigurationName = Release;
		};
		C80F82082D40201A00CB0EC2 /* Build configuration list for PBXNativeTarget "SoundSmithTests" */ = {
			isa = XCConfigurationList;
			buildConfigurations = (
				C80F82092D40201A00CB0EC2 /* Debug */,
				C80F820A2D40201A00CB0EC2 /* Release */,
			);
			defaultConfigurationIsVisible = 0;
			defaultConfigurationName = Release;
		};
		C80F820B2D40201A00CB0EC2 /* Build configuration list for PBXNativeTarget "SoundSmithUITests" */ = {
			isa = XCConfigurationList;
			buildConfigurations = (
				C80F820C2D40201A00CB0EC2 /* Debug */,
				C80F820D2D40201A00CB0EC2 /* Release */,
			);
			defaultConfigurationIsVisible = 0;
			defaultConfigurationName = Release;
		};
/* End XCConfigurationList section */
	};
	rootObject = C80F81D92D40201700CB0EC2 /* Project object */;
}
